
Microsoft Visual Studio Solution File, Format Version 12.00
# Visual Studio Version 17
VisualStudioVersion = 17.5.002.0
MinimumVisualStudioVersion = 10.0.40219.1
Project("{9A19103F-16F7-4668-BE54-9A1E7A4F7556}") = "FactoryMac", "FactoryMac.csproj", "{C5126EA9-5C30-48E1-B01B-C1F7746F28EB}"
EndProject
Global
	GlobalSection(SolutionConfigurationPlatforms) = preSolution
		Debug|Any CPU = Debug|Any CPU
		Release|Any CPU = Release|Any CPU
	EndGlobalSection
	GlobalSection(ProjectConfigurationPlatforms) = postSolution
		{C5126EA9-5C30-48E1-B01B-C1F7746F28EB}.Debug|Any CPU.ActiveCfg = Debug|Any CPU
		{C5126EA9-5C30-48E1-B01B-C1F7746F28EB}.Debug|Any CPU.Build.0 = Debug|Any CPU
		{C5126EA9-5C30-48E1-B01B-C1F7746F28EB}.Release|Any CPU.ActiveCfg = Release|Any CPU
		{C5126EA9-5C30-48E1-B01B-C1F7746F28EB}.Release|Any CPU.Build.0 = Release|Any CPU
	EndGlobalSection
	GlobalSection(SolutionProperties) = preSolution
		HideSolutionNode = FALSE
	EndGlobalSection
	GlobalSection(ExtensibilityGlobals) = postSolution
		SolutionGuid = {AAE3A59C-1D44-4182-9EFD-C3019ED24653}
	EndGlobalSection
EndGlobal
